{
  "name": "shuttle-can-api",
  "version": "1.0.0",
  "lockfileVersion": 1,
  "requires": true,
  "dependencies": {
    "can-ajax": {
      "version": "1.1.4",
      "resolved": "https://registry.npmjs.org/can-ajax/-/can-ajax-1.1.4.tgz",
      "integrity": "sha512-1F30D4ERKgcGlGYKLTQVWxFhm2NtXyoac4i1IB4GeKoqIA/qjyMNw1leVWRopcoDHtqIJRfQscGB4nnu954Ntw==",
      "requires": {
        "can-globals": "0.3.0",
        "can-namespace": "1.0.0",
        "can-param": "1.0.2",
        "can-parse-uri": "1.0.1",
        "can-reflect": "1.11.0"
      }
    },
    "can-assign": {
      "version": "1.1.1",
      "resolved": "https://registry.npmjs.org/can-assign/-/can-assign-1.1.1.tgz",
      "integrity": "sha512-PIxofVeqRsmq6biiD/w2nyEYQ28WeTzKF5kWGmSEldMRauMShvvmWzJdVyIFdl4YREkUhnnRH+nVc72uL2EpSg=="
    },
    "can-cid": {
      "version": "1.1.2",
      "resolved": "https://registry.npmjs.org/can-cid/-/can-cid-1.1.2.tgz",
      "integrity": "sha512-pTZSC7BSJdN5RFPlPtBHNoIgnXTDoUzO9IVB06OvoZ6b5k5jMz87XMR42ahuR4nsgCEhNkcY3kpVufJSX1wD0Q==",
      "requires": {
        "can-namespace": "1.0.0"
      }
    },
    "can-compute": {
      "version": "3.3.10",
      "resolved": "https://registry.npmjs.org/can-compute/-/can-compute-3.3.10.tgz",
      "integrity": "sha512-b/JiQi6mTlSmXthSoFjFmcvfOWHEBv0xSC7sEng/vvf1jcPvxHzDyMZTO37t0vW39DfCX9GzWP4EQ8OOSTmByA==",
      "requires": {
        "can-cid": "1.1.2",
        "can-event": "3.7.6",
        "can-namespace": "1.0.0",
        "can-observation": "3.3.6",
        "can-reflect": "1.11.0",
        "can-stache-key": "0.1.3",
        "can-symbol": "1.5.0",
        "can-types": "1.1.5",
        "can-util": "3.10.18"
      }
    },
    "can-construct": {
      "version": "3.2.3",
      "resolved": "https://registry.npmjs.org/can-construct/-/can-construct-3.2.3.tgz",
      "integrity": "sha512-x2qU28NtNznDJhx4Guluema6l1LQdl6mvU4JISrWR1X5W44UhccWXyRlmoe+HlNKvTDzwuYRPYKa8UyGJq8oug==",
      "requires": {
        "can-namespace": "1.0.0",
        "can-util": "3.10.18"
      }
    },
    "can-define": {
      "version": "1.5.4",
      "resolved": "https://registry.npmjs.org/can-define/-/can-define-1.5.4.tgz",
      "integrity": "sha512-KxGoFg572aPmXFln0gmGkQtemis8l/pWvzWB3B6692+nkhAob5b/VBFZbTLA/ZrUV2DuI5pl+HwzxCanLdOKTQ==",
      "requires": {
        "can-cid": "1.1.2",
        "can-compute": "3.3.10",
        "can-construct": "3.2.3",
        "can-define-lazy-value": "1.0.1",
        "can-event": "3.7.6",
        "can-log": "0.1.2",
        "can-namespace": "1.0.0",
        "can-observation": "3.3.6",
        "can-reflect": "1.11.0",
        "can-simple-observable": "1.0.2",
        "can-symbol": "1.5.0",
        "can-test-helpers": "1.1.0",
        "can-types": "1.1.5",
        "can-util": "3.10.18"
      }
    },
    "can-define-lazy-value": {
      "version": "1.0.1",
      "resolved": "https://registry.npmjs.org/can-define-lazy-value/-/can-define-lazy-value-1.0.1.tgz",
      "integrity": "sha512-WH+UWxdrAaobj3EwOZxynMCPcCpu3Und7O5M7l20lxQyxzNoL9W6n6xfX2EjfV2GAyUA/pj60Vogf/jDW++VOQ=="
    },
    "can-deparam": {
      "version": "1.0.3",
      "resolved": "https://registry.npmjs.org/can-deparam/-/can-deparam-1.0.3.tgz",
      "integrity": "sha512-5q2+BjPzjyeiifoNPLnnN/Fo4mQhTHRzIUA7rZ0SxBnsXegGKL/OO6nmfJm+Etgjy2UeciPITFVLjA5+lw08sg==",
      "requires": {
        "can-namespace": "1.0.0"
      }
    },
    "can-dom-data-state": {
      "version": "0.2.0",
      "resolved": "https://registry.npmjs.org/can-dom-data-state/-/can-dom-data-state-0.2.0.tgz",
      "integrity": "sha512-U3uVbylOtH2QEB6nb7qm8HlPtPHF7YnG7V2wE6PaFylUXu/RErmeIBWgP5m8ldou3eyIGOTeyIGj0qGBB0yW6A==",
      "requires": {
        "can-cid": "1.1.2",
        "can-namespace": "1.0.0"
      }
    },
    "can-dom-events": {
      "version": "1.0.7",
      "resolved": "https://registry.npmjs.org/can-dom-events/-/can-dom-events-1.0.7.tgz",
      "integrity": "sha512-/cn4KTmqyS7e5seOCE1SzLYIJVMDcDR+qVsX9P5mwRPUnJZxiZab4G/TTNS7iZVEWeMJ0pmEqI+WNOjJDFslcw==",
      "requires": {
        "can-globals": "0.3.0",
        "can-namespace": "1.0.0"
      }
    },
    "can-event": {
      "version": "3.7.6",
      "resolved": "https://registry.npmjs.org/can-event/-/can-event-3.7.6.tgz",
      "integrity": "sha512-dAT1cT4ZAPqfJPw5VOTZzFGPiB1KaZLlaWHV6TgsmlmZ89RKzDppzuz7YN94unc1bxS5NMt3s9wpaMD0m3uF4Q==",
      "requires": {
        "can-cid": "1.1.2",
        "can-namespace": "1.0.0",
        "can-types": "1.1.5",
        "can-util": "3.10.18"
      }
    },
    "can-event-dom-enter": {
      "version": "1.0.4",
      "resolved": "https://registry.npmjs.org/can-event-dom-enter/-/can-event-dom-enter-1.0.4.tgz",
      "integrity": "sha512-ecgSytEUOstrcellXRKGSPxOe/11nHpgdN4BLOAPLkWYrFPn6R2U+flJS4LhAti17r2E+CvQIbQ3zsohukBK3w==",
      "requires": {
        "can-cid": "1.1.2",
        "can-dom-data-state": "0.2.0",
        "can-dom-events": "1.0.7"
      }
    },
    "can-event-dom-radiochange": {
      "version": "1.0.5",
      "resolved": "https://registry.npmjs.org/can-event-dom-radiochange/-/can-event-dom-radiochange-1.0.5.tgz",
      "integrity": "sha512-1/Hscy2KN/eWkhsx0d2ngUwByusCPzVRnfvOC7F5kNg0ivjd7sto5e4JeflRulZv+vdruEB6yx1tzzUWERu3tQ==",
      "requires": {
        "can-cid": "1.1.2",
        "can-dom-data-state": "0.2.0",
        "can-dom-events": "1.0.7",
        "can-globals": "0.3.0"
      }
    },
    "can-globals": {
      "version": "0.3.0",
      "resolved": "https://registry.npmjs.org/can-globals/-/can-globals-0.3.0.tgz",
      "integrity": "sha512-bwsxDlDFVHaNch0e+CQk9mL/1Ju9Wbg3GQkfdxOzrk6mjcA/S6LlQnVKegbNHagGEKmLwur5rEej6NluVharxA==",
      "requires": {
        "can-namespace": "1.0.0",
        "can-reflect": "1.11.0",
        "can-symbol": "1.5.0"
      }
    },
    "can-log": {
      "version": "0.1.2",
      "resolved": "https://registry.npmjs.org/can-log/-/can-log-0.1.2.tgz",
      "integrity": "sha512-HZ+e9ShWRWJoortNSEShWlUJIKkYfYXB7HoLrglZuheiYZhSac2Z/YvD+6ZF/0LEaTgY+UwJeQ4ziqhwPhEjLQ=="
    },
    "can-namespace": {
      "version": "1.0.0",
      "resolved": "https://registry.npmjs.org/can-namespace/-/can-namespace-1.0.0.tgz",
      "integrity": "sha1-C4+vr7sRNSuerUIi/+OCJAW0Ppk="
    },
    "can-observation": {
      "version": "3.3.6",
      "resolved": "https://registry.npmjs.org/can-observation/-/can-observation-3.3.6.tgz",
      "integrity": "sha512-o0P8nBrl7ngMqYwNpPNuK/wwnqK8IF8JBcfzyiDB8g/do8+yscw8hDQe7lmC/hIJZv9QikTPX1iJC2agfGGOiQ==",
      "requires": {
        "can-cid": "1.1.2",
        "can-event": "3.7.6",
        "can-namespace": "1.0.0",
        "can-reflect": "1.11.0",
        "can-symbol": "1.5.0",
        "can-util": "3.10.18"
      }
    },
    "can-param": {
      "version": "1.0.2",
      "resolved": "https://registry.npmjs.org/can-param/-/can-param-1.0.2.tgz",
      "integrity": "sha512-QHt1qmutVAoZOY1HQWBKyrTcpITgi1SHtCagG+AjYLvE5QhSiHY/pNhXejYVSan+Bl2kfpX7Nkt+bQQX8u7IqA==",
      "requires": {
        "can-namespace": "1.0.0"
      }
    },
    "can-parse-uri": {
      "version": "1.0.1",
      "resolved": "https://registry.npmjs.org/can-parse-uri/-/can-parse-uri-1.0.1.tgz",
      "integrity": "sha512-38HpQLm9R2v2lZoUD86fNfeSX90OeU8OtgA40K1OTsu6aZTnWbVAQi8Z0D2PIRu2uOZTiCh6LIFjyPOUAOo2qw=="
    },
    "can-reflect": {
      "version": "1.11.0",
      "resolved": "https://registry.npmjs.org/can-reflect/-/can-reflect-1.11.0.tgz",
      "integrity": "sha512-02qpSE1E8ni+s0lbSJgZwFjXWtkOkPdY5xTHsQkYnt9E1ANhZBD0WQKuMp5/h9rJmGxpwUTKBzPPSPZEhNynmQ==",
      "requires": {
        "can-namespace": "1.0.0",
        "can-symbol": "1.5.0"
      }
    },
    "can-reflect-promise": {
      "version": "1.1.5",
      "resolved": "https://registry.npmjs.org/can-reflect-promise/-/can-reflect-promise-1.1.5.tgz",
      "integrity": "sha512-UYK6QYCIYd6z/QETeNv0SVd7vxaJDc1SI3d5VGBQXpCVXsjYei8iCNmVmfrZZghLxdMHce+/SIPJEGTPti/ucA==",
      "requires": {
        "can-cid": "1.1.2",
        "can-event": "3.7.6",
        "can-observation": "3.3.6",
        "can-reflect": "1.11.0",
        "can-symbol": "1.5.0",
        "can-util": "3.10.18"
      }
    },
    "can-simple-observable": {
      "version": "1.0.2",
      "resolved": "https://registry.npmjs.org/can-simple-observable/-/can-simple-observable-1.0.2.tgz",
      "integrity": "sha512-FJ60DoIk7KhNWPfiYiZTnG0mJmMeIFF/5RdIL+ZNqP4W9CVmjQf3/je1n3dezzfzliwwmOBnmyyvN36xWyU6Ig==",
      "requires": {
        "can-cid": "1.1.2",
        "can-event": "3.7.6",
        "can-namespace": "1.0.0",
        "can-observation": "3.3.6",
        "can-reflect": "1.11.0"
      }
    },
    "can-stache-key": {
      "version": "0.1.3",
      "resolved": "https://registry.npmjs.org/can-stache-key/-/can-stache-key-0.1.3.tgz",
      "integrity": "sha512-2Oy8I5OpS+bbao2LZFaBs/Dlw+LBgdUj7VZwVynoEO6CP/abYnXmwE3kvyqSi72Kfiva+I+cxaCSv2iUMBsEcA==",
      "requires": {
        "can-cid": "1.1.2",
        "can-event": "3.7.6",
        "can-log": "0.1.2",
        "can-namespace": "1.0.0",
        "can-observation": "3.3.6",
        "can-reflect": "1.11.0",
        "can-reflect-promise": "1.1.5",
        "can-symbol": "1.5.0",
        "can-util": "3.10.18"
      }
    },
    "can-symbol": {
      "version": "1.5.0",
      "resolved": "https://registry.npmjs.org/can-symbol/-/can-symbol-1.5.0.tgz",
      "integrity": "sha512-iJqcD+DLyHklfr/OogjKYbv1x2tVmX30+/Mdf09XX2+vlqmav3XXIBCaMe34F47TTiIdFXNddKvGmwpExstWVg==",
      "requires": {
        "can-namespace": "1.0.0"
      }
    },
    "can-test-helpers": {
      "version": "1.1.0",
      "resolved": "https://registry.npmjs.org/can-test-helpers/-/can-test-helpers-1.1.0.tgz",
      "integrity": "sha1-CRPfwBUw/SCn2/hNeR3e6ZfDmP8=",
      "requires": {
        "can-log": "0.1.2",
        "can-util": "3.10.18"
      }
    },
    "can-types": {
      "version": "1.1.5",
      "resolved": "https://registry.npmjs.org/can-types/-/can-types-1.1.5.tgz",
      "integrity": "sha512-DJPqzWXM7weSBby4fqmAX1B7ynVwaR7zjjM+T7GwGPQUx6/Mn73JZFev2O1KzHSeh1jIXTh8bCdBF4ARAlYeNQ==",
      "requires": {
        "can-globals": "0.3.0",
        "can-log": "0.1.2",
        "can-namespace": "1.0.0",
        "can-reflect": "1.11.0",
        "can-symbol": "1.5.0"
      }
    },
    "can-util": {
      "version": "3.10.18",
      "resolved": "https://registry.npmjs.org/can-util/-/can-util-3.10.18.tgz",
      "integrity": "sha512-PwK0d50AAfgOd0z+ohWqaVyFtGGIGv6GxQSUdo+mX8+06FvSMuqx/sdsMVWlEvkOyKB3YzalpgH2leV56wAYzQ==",
      "requires": {
        "can-ajax": "1.1.4",
        "can-assign": "1.1.1",
        "can-cid": "1.1.2",
        "can-deparam": "1.0.3",
        "can-dom-data-state": "0.2.0",
        "can-event-dom-enter": "1.0.4",
        "can-event-dom-radiochange": "1.0.5",
        "can-globals": "0.3.0",
        "can-log": "0.1.2",
        "can-namespace": "1.0.0",
        "can-param": "1.0.2",
        "can-parse-uri": "1.0.1",
        "can-reflect": "1.11.0",
        "can-symbol": "1.5.0",
        "can-types": "1.1.5"
      }
    },
    "jquery": {
      "version": "3.2.1",
      "resolved": "https://registry.npmjs.org/jquery/-/jquery-3.2.1.tgz",
      "integrity": "sha1-XE2d5lKvbNCncBVKYxu6ErAVx4c="
    },
    "shuttle-guard": {
      "version": "1.0.0",
      "resolved": "https://registry.npmjs.org/shuttle-guard/-/shuttle-guard-1.0.0.tgz",
      "integrity": "sha512-8ghDgPpykaH8qDfb7zn8ii7R2jlkZEkLDgxlEH8MlG9jEArM6f+2sJirynjp2EMxPHpK5Sp7aybT0fMGh3HWkw=="
    }
  }
}
