{
  "name": "shuttle-can-api",
  "version": "1.0.5",
  "lockfileVersion": 1,
  "requires": true,
  "dependencies": {
    "can-ajax": {
      "version": "1.1.4",
      "resolved": "https://registry.npmjs.org/can-ajax/-/can-ajax-1.1.4.tgz",
      "integrity": "sha512-1F30D4ERKgcGlGYKLTQVWxFhm2NtXyoac4i1IB4GeKoqIA/qjyMNw1leVWRopcoDHtqIJRfQscGB4nnu954Ntw==",
      "requires": {
        "can-globals": "1.0.1",
        "can-namespace": "1.0.0",
        "can-param": "1.0.3",
        "can-parse-uri": "1.0.1",
        "can-reflect": "1.13.3"
      }
    },
    "can-assign": {
      "version": "1.1.1",
      "resolved": "https://registry.npmjs.org/can-assign/-/can-assign-1.1.1.tgz",
      "integrity": "sha512-PIxofVeqRsmq6biiD/w2nyEYQ28WeTzKF5kWGmSEldMRauMShvvmWzJdVyIFdl4YREkUhnnRH+nVc72uL2EpSg=="
    },
    "can-cid": {
      "version": "1.1.2",
      "resolved": "https://registry.npmjs.org/can-cid/-/can-cid-1.1.2.tgz",
      "integrity": "sha512-pTZSC7BSJdN5RFPlPtBHNoIgnXTDoUzO9IVB06OvoZ6b5k5jMz87XMR42ahuR4nsgCEhNkcY3kpVufJSX1wD0Q==",
      "requires": {
        "can-namespace": "1.0.0"
      }
    },
    "can-construct": {
      "version": "3.3.1",
      "resolved": "https://registry.npmjs.org/can-construct/-/can-construct-3.3.1.tgz",
      "integrity": "sha512-kxl7NA21G/dsIAH5APb0SMUe70kpM+A/oJX6pR6JjcfuToFihnQVZEkWJYXFoJTpJuJH2tUv1Ac17ZxHimGQVg==",
      "requires": {
        "can-namespace": "1.0.0",
        "can-util": "3.11.3"
      }
    },
    "can-define": {
      "version": "2.0.3",
      "resolved": "https://registry.npmjs.org/can-define/-/can-define-2.0.3.tgz",
      "integrity": "sha512-pkdXtjPnzp9OocTXqHiXiQnwPhN1QG2FUHL9hO7JeBkKkB/ceQLLkf7ZbTMNQ4qJjAEnNNYO5s/A1mFQPqxA1g==",
      "requires": {
        "can-construct": "3.3.1",
        "can-define-lazy-value": "1.0.2",
        "can-event-queue": "1.0.1",
        "can-log": "1.0.0",
        "can-namespace": "1.0.0",
        "can-observation": "4.0.1",
        "can-observation-recorder": "1.0.2",
        "can-queues": "1.0.1",
        "can-reflect": "1.13.3",
        "can-simple-observable": "2.0.2",
        "can-symbol": "1.6.1",
        "can-util": "3.11.3"
      }
    },
    "can-define-lazy-value": {
      "version": "1.0.2",
      "resolved": "https://registry.npmjs.org/can-define-lazy-value/-/can-define-lazy-value-1.0.2.tgz",
      "integrity": "sha512-OlZ9bSqozc4Hk1aoJzh5O3ZLvfsGnudNsE4HmzD5KIagmnysJSCBy8zf6Yx+TC/LvNOcNm6NO9oOqwxGsxiijg=="
    },
    "can-deparam": {
      "version": "1.0.3",
      "resolved": "https://registry.npmjs.org/can-deparam/-/can-deparam-1.0.3.tgz",
      "integrity": "sha512-5q2+BjPzjyeiifoNPLnnN/Fo4mQhTHRzIUA7rZ0SxBnsXegGKL/OO6nmfJm+Etgjy2UeciPITFVLjA5+lw08sg==",
      "requires": {
        "can-namespace": "1.0.0"
      }
    },
    "can-dom-data-state": {
      "version": "0.2.0",
      "resolved": "https://registry.npmjs.org/can-dom-data-state/-/can-dom-data-state-0.2.0.tgz",
      "integrity": "sha512-U3uVbylOtH2QEB6nb7qm8HlPtPHF7YnG7V2wE6PaFylUXu/RErmeIBWgP5m8ldou3eyIGOTeyIGj0qGBB0yW6A==",
      "requires": {
        "can-cid": "1.1.2",
        "can-namespace": "1.0.0"
      }
    },
    "can-dom-events": {
      "version": "1.1.1",
      "resolved": "https://registry.npmjs.org/can-dom-events/-/can-dom-events-1.1.1.tgz",
      "integrity": "sha512-ETPmgnPZuFZCMiECJ6ZIwqr+tcMo6A3PclqGXW6uWrlxX+VIu4XUEL4alH2X6UhY7/Er1vao6+krW6wjWFmh9g==",
      "requires": {
        "can-globals": "1.0.1",
        "can-key-tree": "1.0.2",
        "can-namespace": "1.0.0",
        "can-reflect": "1.13.3"
      }
    },
    "can-event-dom-enter": {
      "version": "1.0.4",
      "resolved": "https://registry.npmjs.org/can-event-dom-enter/-/can-event-dom-enter-1.0.4.tgz",
      "integrity": "sha512-ecgSytEUOstrcellXRKGSPxOe/11nHpgdN4BLOAPLkWYrFPn6R2U+flJS4LhAti17r2E+CvQIbQ3zsohukBK3w==",
      "requires": {
        "can-cid": "1.1.2",
        "can-dom-data-state": "0.2.0",
        "can-dom-events": "1.1.1"
      }
    },
    "can-event-dom-radiochange": {
      "version": "1.0.5",
      "resolved": "https://registry.npmjs.org/can-event-dom-radiochange/-/can-event-dom-radiochange-1.0.5.tgz",
      "integrity": "sha512-1/Hscy2KN/eWkhsx0d2ngUwByusCPzVRnfvOC7F5kNg0ivjd7sto5e4JeflRulZv+vdruEB6yx1tzzUWERu3tQ==",
      "requires": {
        "can-cid": "1.1.2",
        "can-dom-data-state": "0.2.0",
        "can-dom-events": "1.1.1",
        "can-globals": "1.0.1"
      }
    },
    "can-event-queue": {
      "version": "1.0.1",
      "resolved": "https://registry.npmjs.org/can-event-queue/-/can-event-queue-1.0.1.tgz",
      "integrity": "sha512-Yj+LQZjS4yqUP6QiW8UgsvqH8Joa4jZ244Th+oGLCjilC1qC8miBM73BeDl/9Kg+h4SPz/OxbzEiAB9D3DUZ2w==",
      "requires": {
        "can-define-lazy-value": "1.0.2",
        "can-dom-events": "1.1.1",
        "can-key-tree": "1.0.2",
        "can-log": "1.0.0",
        "can-queues": "1.0.1",
        "can-reflect": "1.13.3",
        "can-symbol": "1.6.1"
      }
    },
    "can-globals": {
      "version": "1.0.1",
      "resolved": "https://registry.npmjs.org/can-globals/-/can-globals-1.0.1.tgz",
      "integrity": "sha512-byup8wU59UVDv7KYUvQcUX2EzQOOMucFit+ReGgkOaxhSv/+/DaUcNmCwtvrUocxSfz75XALcW+Zb6pO2qHvYw==",
      "requires": {
        "can-namespace": "1.0.0",
        "can-reflect": "1.13.3",
        "can-symbol": "1.6.1"
      }
    },
    "can-key-tree": {
      "version": "1.0.2",
      "resolved": "https://registry.npmjs.org/can-key-tree/-/can-key-tree-1.0.2.tgz",
      "integrity": "sha512-wzjDHVYPgT5PX6fTVuu54Zgw2+jNUNTC0ELfygabnR+KD+FMbOvmji7Mxx6Di4/eVXaP1pxk6nyEzUBkx+Z/FQ==",
      "requires": {
        "can-reflect": "1.13.3"
      }
    },
    "can-log": {
      "version": "1.0.0",
      "resolved": "https://registry.npmjs.org/can-log/-/can-log-1.0.0.tgz",
      "integrity": "sha512-5W1zw0jxwVnzRKJJtV6jtxWgobl80rhSVMX0aMQS7QB5GyYL+xbE+3IpARugWlOEutEKmWGXlOkD3LdCL/zyAg=="
    },
    "can-namespace": {
      "version": "1.0.0",
      "resolved": "https://registry.npmjs.org/can-namespace/-/can-namespace-1.0.0.tgz",
      "integrity": "sha1-C4+vr7sRNSuerUIi/+OCJAW0Ppk="
    },
    "can-observation": {
      "version": "4.0.1",
      "resolved": "https://registry.npmjs.org/can-observation/-/can-observation-4.0.1.tgz",
      "integrity": "sha512-xJgeipbzJvrDme5RFiRHehtCeZ7TE+/os9f1GO7ZZWTxuLCh8utHAYYhHCcn4xRgpvTTDehMIw3K33cQY3hLyQ==",
      "requires": {
        "can-event-queue": "1.0.1",
        "can-key-tree": "1.0.2",
        "can-log": "1.0.0",
        "can-namespace": "1.0.0",
        "can-observation-recorder": "1.0.2",
        "can-queues": "1.0.1",
        "can-reflect": "1.13.3",
        "can-symbol": "1.6.1"
      }
    },
    "can-observation-recorder": {
      "version": "1.0.2",
      "resolved": "https://registry.npmjs.org/can-observation-recorder/-/can-observation-recorder-1.0.2.tgz",
      "integrity": "sha512-urtfqLis1XWl5ynyal0LiOdHV7A4OixyJUdNqFpfvnTRHe6EDGYVjXAEhh8dv5pFzrW2k5lUcp3fgWH/Z3FFng==",
      "requires": {
        "can-namespace": "1.0.0"
      }
    },
    "can-param": {
      "version": "1.0.3",
      "resolved": "https://registry.npmjs.org/can-param/-/can-param-1.0.3.tgz",
      "integrity": "sha512-v+t99Cq4P8+C3f+VRu7Av1MkvnVT/6TYeP3P9gBZf++K/x7SvJMM4qSD1u9ZbgHP1YOp5lcK2aiRxuIXN9ILhA==",
      "requires": {
        "can-namespace": "1.0.0"
      }
    },
    "can-parse-uri": {
      "version": "1.0.1",
      "resolved": "https://registry.npmjs.org/can-parse-uri/-/can-parse-uri-1.0.1.tgz",
      "integrity": "sha512-38HpQLm9R2v2lZoUD86fNfeSX90OeU8OtgA40K1OTsu6aZTnWbVAQi8Z0D2PIRu2uOZTiCh6LIFjyPOUAOo2qw=="
    },
    "can-queues": {
      "version": "1.0.1",
      "resolved": "https://registry.npmjs.org/can-queues/-/can-queues-1.0.1.tgz",
      "integrity": "sha512-vD1oPzM8wto8nUT0jYhTw+/LBtuSGRRNe33VvXpkhT/YtOZCBG9ecg9Q8MCq8TtEssfN90EtiOPRTm4FF6O99g==",
      "requires": {
        "can-assign": "1.1.1",
        "can-log": "1.0.0",
        "can-namespace": "1.0.0",
        "can-util": "3.11.3"
      }
    },
    "can-reflect": {
      "version": "1.13.3",
      "resolved": "https://registry.npmjs.org/can-reflect/-/can-reflect-1.13.3.tgz",
      "integrity": "sha512-G3ddFlhjHgqQfB9oyc41Y94GUE5zZzW5lWz93GbafeheGSHGexKLiXxYD2O4JCTO9+OvldxY6a191GYMfJSrmg==",
      "requires": {
        "can-namespace": "1.0.0",
        "can-symbol": "1.6.1"
      }
    },
    "can-simple-observable": {
      "version": "2.0.2",
      "resolved": "https://registry.npmjs.org/can-simple-observable/-/can-simple-observable-2.0.2.tgz",
      "integrity": "sha512-uvcplM6P2n97XJhVSJmmIPs9UbvRokXlou6SuNg99jGrY76wNBfaVzx9WQfjiG5tNk742tswt7G/pqSeDk1EIw==",
      "requires": {
        "can-event-queue": "1.0.1",
        "can-key-tree": "1.0.2",
        "can-log": "1.0.0",
        "can-namespace": "1.0.0",
        "can-observation": "4.0.1",
        "can-observation-recorder": "1.0.2",
        "can-queues": "1.0.1",
        "can-reflect": "1.13.3",
        "can-symbol": "1.6.1",
        "can-util": "3.11.3"
      }
    },
    "can-symbol": {
      "version": "1.6.1",
      "resolved": "https://registry.npmjs.org/can-symbol/-/can-symbol-1.6.1.tgz",
      "integrity": "sha512-C2xIYJcVQ+FW/RrXXKQOoZXnEFqKM28qsPPrmDiV5Bx+kSqms8cnRMqt4SoZ7+89OMv5PSReRJ7fKDE06MdSCg==",
      "requires": {
        "can-namespace": "1.0.0"
      }
    },
    "can-types": {
      "version": "1.1.6",
      "resolved": "https://registry.npmjs.org/can-types/-/can-types-1.1.6.tgz",
      "integrity": "sha512-JapcLrS3cdRH1W6EKdvbFH6RlJUzBP4CvJa7I3jgeFjUexkxhBZHsSvqYlpxBS6sjOE4bx0+1gRYK3BcIRQd9g==",
      "requires": {
        "can-globals": "1.0.1",
        "can-log": "1.0.0",
        "can-namespace": "1.0.0",
        "can-reflect": "1.13.3",
        "can-symbol": "1.6.1"
      }
    },
    "can-util": {
      "version": "3.11.3",
      "resolved": "https://registry.npmjs.org/can-util/-/can-util-3.11.3.tgz",
      "integrity": "sha512-oYu6RINqhizauUASkCuZlTAlr/ewW8S8tgKPvVQo9IvYl+UOAKR6W596u8m38VodHoka6r35AHJZ8JHANXGhdQ==",
      "requires": {
        "can-ajax": "1.1.4",
        "can-assign": "1.1.1",
        "can-cid": "1.1.2",
        "can-deparam": "1.0.3",
        "can-dom-data-state": "0.2.0",
        "can-event-dom-enter": "1.0.4",
        "can-event-dom-radiochange": "1.0.5",
        "can-globals": "1.0.1",
        "can-log": "1.0.0",
        "can-namespace": "1.0.0",
        "can-param": "1.0.3",
        "can-parse-uri": "1.0.1",
        "can-reflect": "1.13.3",
        "can-symbol": "1.6.1",
        "can-types": "1.1.6"
      }
    },
    "jquery": {
      "version": "3.3.1",
      "resolved": "https://registry.npmjs.org/jquery/-/jquery-3.3.1.tgz",
      "integrity": "sha512-Ubldcmxp5np52/ENotGxlLe6aGMvmF4R8S6tZjsP6Knsaxd/xp3Zrh50cG93lR6nPXyUFwzN3ZSOQI0wRJNdGg=="
    },
    "shuttle-guard": {
      "version": "1.0.0",
      "resolved": "https://registry.npmjs.org/shuttle-guard/-/shuttle-guard-1.0.0.tgz",
      "integrity": "sha512-8ghDgPpykaH8qDfb7zn8ii7R2jlkZEkLDgxlEH8MlG9jEArM6f+2sJirynjp2EMxPHpK5Sp7aybT0fMGh3HWkw=="
    }
  }
}
